
Microsoft Visual Studio Solution File, Format Version 12.00
# Visual Studio Version 17
VisualStudioVersion = 17.13.35825.156
MinimumVisualStudioVersion = 10.0.40219.1
Project("{54A90642-561A-4BB1-A94E-469ADEE60C69}") = "workhub.client", "workhub.client\workhub.client.esproj", "{91A4773E-9A9A-A555-8803-D0B82CC14C46}"
EndProject
Project("{FAE04EC0-301F-11D3-BF4B-00C04F79EFBC}") = "WorkHub.Server", "WorkHub.Server\WorkHub.Server.csproj", "{E633BAC6-CC49-4047-A6FB-ABC5438E8E7A}"
EndProject
Project("{FAE04EC0-301F-11D3-BF4B-00C04F79EFBC}") = "WorkHub.Domain", "WorkHub.Domain\WorkHub.Domain.csproj", "{21982250-912C-44F2-ACC2-011E13FE423E}"
EndProject
Project("{FAE04EC0-301F-11D3-BF4B-00C04F79EFBC}") = "WorkHub.Infrastructure", "WorkHub.Infrastructure\WorkHub.Infrastructure.csproj", "{50E1E308-289F-46F1-8F1D-080A4973A004}"
EndProject
Project("{FAE04EC0-301F-11D3-BF4B-00C04F79EFBC}") = "WorkHub.Application", "WorkHub.Application\WorkHub.Application.csproj", "{7D9181CB-70C4-4FF4-9579-7E511EB4EE56}"
EndProject
Global
	GlobalSection(SolutionConfigurationPlatforms) = preSolution
		Debug|Any CPU = Debug|Any CPU
		Release|Any CPU = Release|Any CPU
	EndGlobalSection
	GlobalSection(ProjectConfigurationPlatforms) = postSolution
		{91A4773E-9A9A-A555-8803-D0B82CC14C46}.Debug|Any CPU.ActiveCfg = Debug|Any CPU
		{91A4773E-9A9A-A555-8803-D0B82CC14C46}.Debug|Any CPU.Build.0 = Debug|Any CPU
		{91A4773E-9A9A-A555-8803-D0B82CC14C46}.Debug|Any CPU.Deploy.0 = Debug|Any CPU
		{91A4773E-9A9A-A555-8803-D0B82CC14C46}.Release|Any CPU.ActiveCfg = Release|Any CPU
		{91A4773E-9A9A-A555-8803-D0B82CC14C46}.Release|Any CPU.Build.0 = Release|Any CPU
		{91A4773E-9A9A-A555-8803-D0B82CC14C46}.Release|Any CPU.Deploy.0 = Release|Any CPU
		{E633BAC6-CC49-4047-A6FB-ABC5438E8E7A}.Debug|Any CPU.ActiveCfg = Debug|Any CPU
		{E633BAC6-CC49-4047-A6FB-ABC5438E8E7A}.Debug|Any CPU.Build.0 = Debug|Any CPU
		{E633BAC6-CC49-4047-A6FB-ABC5438E8E7A}.Release|Any CPU.ActiveCfg = Release|Any CPU
		{E633BAC6-CC49-4047-A6FB-ABC5438E8E7A}.Release|Any CPU.Build.0 = Release|Any CPU
		{21982250-912C-44F2-ACC2-011E13FE423E}.Debug|Any CPU.ActiveCfg = Debug|Any CPU
		{21982250-912C-44F2-ACC2-011E13FE423E}.Debug|Any CPU.Build.0 = Debug|Any CPU
		{21982250-912C-44F2-ACC2-011E13FE423E}.Release|Any CPU.ActiveCfg = Release|Any CPU
		{21982250-912C-44F2-ACC2-011E13FE423E}.Release|Any CPU.Build.0 = Release|Any CPU
		{50E1E308-289F-46F1-8F1D-080A4973A004}.Debug|Any CPU.ActiveCfg = Debug|Any CPU
		{50E1E308-289F-46F1-8F1D-080A4973A004}.Debug|Any CPU.Build.0 = Debug|Any CPU
		{50E1E308-289F-46F1-8F1D-080A4973A004}.Release|Any CPU.ActiveCfg = Release|Any CPU
		{50E1E308-289F-46F1-8F1D-080A4973A004}.Release|Any CPU.Build.0 = Release|Any CPU
		{7D9181CB-70C4-4FF4-9579-7E511EB4EE56}.Debug|Any CPU.ActiveCfg = Debug|Any CPU
		{7D9181CB-70C4-4FF4-9579-7E511EB4EE56}.Debug|Any CPU.Build.0 = Debug|Any CPU
		{7D9181CB-70C4-4FF4-9579-7E511EB4EE56}.Release|Any CPU.ActiveCfg = Release|Any CPU
		{7D9181CB-70C4-4FF4-9579-7E511EB4EE56}.Release|Any CPU.Build.0 = Release|Any CPU
	EndGlobalSection
	GlobalSection(SolutionProperties) = preSolution
		HideSolutionNode = FALSE
	EndGlobalSection
	GlobalSection(ExtensibilityGlobals) = postSolution
		SolutionGuid = {1D9234F1-30F1-458A-AFFC-8F8837BFDB51}
	EndGlobalSection
EndGlobal
